PODS:
  - CereSDK (1.0.0)

DEPENDENCIES:
  - CereSDK (from `/Users/pavel_viarkhouski/Cere/cere-io/sdk-ios/CereSDK`)

EXTERNAL SOURCES:
  CereSDK:
    :path: "/Users/pavel_viarkhouski/Cere/cere-io/sdk-ios/CereSDK"

SPEC CHECKSUMS:
  CereSDK: f59ac2daa60c6cf42c448fe6714715093d418103

PODFILE CHECKSUM: f72badba0d502e9bf60c46159ebc7d4163edb133

COCOAPODS: 1.9.3
