// !$*UTF8*$!
{
	archiveVersion = 1;
	classes = {
	};
	objectVersion = 51;
	objects = {

/* Begin PBXBuildFile section */
		4F9F7802250A300300DFBF64 /* Podfile.lock in Resources */ = {isa = PBXBuildFile; fileRef = 4F9F77FE250A300200DFBF64 /* Podfile.lock */; };
		4F9F7834250B840700DFBF64 /* ViewController.swift in Sources */ = {isa = PBXBuildFile; fileRef = 4F9F7833250B840700DFBF64 /* ViewController.swift */; };
		4F9F7837250B872000DFBF64 /* Main.storyboard in Resources */ = {isa = PBXBuildFile; fileRef = 4F9F7839250B872000DFBF64 /* Main.storyboard */; };
		4FF9E3A8250A2ABD00F785BE /* AppDelegate.swift in Sources */ = {isa = PBXBuildFile; fileRef = 4FF9E3A7250A2ABD00F785BE /* AppDelegate.swift */; };
		4FF9E3AA250A2ABD00F785BE /* SceneDelegate.swift in Sources */ = {isa = PBXBuildFile; fileRef = 4FF9E3A9250A2ABD00F785BE /* SceneDelegate.swift */; };
		4FF9E3AE250A2ABE00F785BE /* Assets.xcassets in Resources */ = {isa = PBXBuildFile; fileRef = 4FF9E3AD250A2ABE00F785BE /* Assets.xcassets */; };
		4FF9E3B4250A2ABE00F785BE /* LaunchScreen.storyboard in Resources */ = {isa = PBXBuildFile; fileRef = 4FF9E3B2250A2ABE00F785BE /* LaunchScreen.storyboard */; };
		4FF9E3BC250A2AD800F785BE /* .gitignore in Resources */ = {isa = PBXBuildFile; fileRef = 4FF9E3BB250A2AD800F785BE /* .gitignore */; };
		4FF9E3BE250A2BA700F785BE /* Podfile in Resources */ = {isa = PBXBuildFile; fileRef = 4FF9E3BD250A2BA700F785BE /* Podfile */; };
		50625EEE6A3F092AA6196EC5 /* Pods_CereSdkExampleApp.framework in Frameworks */ = {isa = PBXBuildFile; fileRef = 11C564BD354CDEDAFC188C0F /* Pods_CereSdkExampleApp.framework */; };
/* End PBXBuildFile section */

/* Begin PBXFileReference section */
		11C564BD354CDEDAFC188C0F /* Pods_CereSdkExampleApp.framework */ = {isa = PBXFileReference; explicitFileType = wrapper.framework; includeInIndex = 0; path = Pods_CereSdkExampleApp.framework; sourceTree = BUILT_PRODUCTS_DIR; };
		4F9F77FE250A300200DFBF64 /* Podfile.lock */ = {isa = PBXFileReference; fileEncoding = 4; lastKnownFileType = text; path = Podfile.lock; sourceTree = "<group>"; };
		4F9F7833250B840700DFBF64 /* ViewController.swift */ = {isa = PBXFileReference; lastKnownFileType = sourcecode.swift; path = ViewController.swift; sourceTree = "<group>"; };
		4F9F7838250B872000DFBF64 /* Base */ = {isa = PBXFileReference; lastKnownFileType = file.storyboard; name = Base; path = Base.lproj/Main.storyboard; sourceTree = "<group>"; };
		4FF9E3A4250A2ABD00F785BE /* CereSdkExampleApp.app */ = {isa = PBXFileReference; explicitFileType = wrapper.application; includeInIndex = 0; path = CereSdkExampleApp.app; sourceTree = BUILT_PRODUCTS_DIR; };
		4FF9E3A7250A2ABD00F785BE /* AppDelegate.swift */ = {isa = PBXFileReference; lastKnownFileType = sourcecode.swift; path = AppDelegate.swift; sourceTree = "<group>"; };
		4FF9E3A9250A2ABD00F785BE /* SceneDelegate.swift */ = {isa = PBXFileReference; lastKnownFileType = sourcecode.swift; path = SceneDelegate.swift; sourceTree = "<group>"; };
		4FF9E3AD250A2ABE00F785BE /* Assets.xcassets */ = {isa = PBXFileReference; lastKnownFileType = folder.assetcatalog; path = Assets.xcassets; sourceTree = "<group>"; };
		4FF9E3B3250A2ABE00F785BE /* Base */ = {isa = PBXFileReference; lastKnownFileType = file.storyboard; name = Base; path = Base.lproj/LaunchScreen.storyboard; sourceTree = "<group>"; };
		4FF9E3B5250A2ABE00F785BE /* Info.plist */ = {isa = PBXFileReference; lastKnownFileType = text.plist.xml; path = Info.plist; sourceTree = "<group>"; };
		4FF9E3BB250A2AD800F785BE /* .gitignore */ = {isa = PBXFileReference; lastKnownFileType = text; path = .gitignore; sourceTree = "<group>"; };
		4FF9E3BD250A2BA700F785BE /* Podfile */ = {isa = PBXFileReference; fileEncoding = 4; lastKnownFileType = text; path = Podfile; sourceTree = "<group>"; xcLanguageSpecificationIdentifier = xcode.lang.ruby; };
		80A9F4B2442EB23D3361A4AA /* Pods-CereSdkExampleApp.release.xcconfig */ = {isa = PBXFileReference; includeInIndex = 1; lastKnownFileType = text.xcconfig; name = "Pods-CereSdkExampleApp.release.xcconfig"; path = "Target Support Files/Pods-CereSdkExampleApp/Pods-CereSdkExampleApp.release.xcconfig"; sourceTree = "<group>"; };
		E481C8098AD7725579E02BDD /* Pods-CereSdkExampleApp.debug.xcconfig */ = {isa = PBXFileReference; includeInIndex = 1; lastKnownFileType = text.xcconfig; name = "Pods-CereSdkExampleApp.debug.xcconfig"; path = "Target Support Files/Pods-CereSdkExampleApp/Pods-CereSdkExampleApp.debug.xcconfig"; sourceTree = "<group>"; };
/* End PBXFileReference section */

/* Begin PBXFrameworksBuildPhase section */
		4FF9E3A1250A2ABD00F785BE /* Frameworks */ = {
			isa = PBXFrameworksBuildPhase;
			buildActionMask = 2147483647;
			files = (
				50625EEE6A3F092AA6196EC5 /* Pods_CereSdkExampleApp.framework in Frameworks */,
			);
			runOnlyForDeploymentPostprocessing = 0;
		};
/* End PBXFrameworksBuildPhase section */

/* Begin PBXGroup section */
		4FF9E39B250A2ABD00F785BE = {
			isa = PBXGroup;
			children = (
				4F9F77FE250A300200DFBF64 /* Podfile.lock */,
				4FF9E3BD250A2BA700F785BE /* Podfile */,
				4FF9E3BB250A2AD800F785BE /* .gitignore */,
				4FF9E3A6250A2ABD00F785BE /* CereSdkExampleApp */,
				4FF9E3A5250A2ABD00F785BE /* Products */,
				85CABF3DA67574D94DE71F22 /* Pods */,
				F19AB877C6F1115D081BAFB5 /* Frameworks */,
			);
			sourceTree = "<group>";
		};
		4FF9E3A5250A2ABD00F785BE /* Products */ = {
			isa = PBXGroup;
			children = (
				4FF9E3A4250A2ABD00F785BE /* CereSdkExampleApp.app */,
			);
			name = Products;
			sourceTree = "<group>";
		};
		4FF9E3A6250A2ABD00F785BE /* CereSdkExampleApp */ = {
			isa = PBXGroup;
			children = (
				4FF9E3A7250A2ABD00F785BE /* AppDelegate.swift */,
				4FF9E3A9250A2ABD00F785BE /* SceneDelegate.swift */,
				4F9F7833250B840700DFBF64 /* ViewController.swift */,
				4F9F7839250B872000DFBF64 /* Main.storyboard */,
				4FF9E3AD250A2ABE00F785BE /* Assets.xcassets */,
				4FF9E3B2250A2ABE00F785BE /* LaunchScreen.storyboard */,
				4FF9E3B5250A2ABE00F785BE /* Info.plist */,
			);
			path = CereSdkExampleApp;
			sourceTree = "<group>";
		};
		85CABF3DA67574D94DE71F22 /* Pods */ = {
			isa = PBXGroup;
			children = (
				E481C8098AD7725579E02BDD /* Pods-CereSdkExampleApp.debug.xcconfig */,
				80A9F4B2442EB23D3361A4AA /* Pods-CereSdkExampleApp.release.xcconfig */,
			);
			path = Pods;
			sourceTree = "<group>";
		};
		F19AB877C6F1115D081BAFB5 /* Frameworks */ = {
			isa = PBXGroup;
			children = (
				11C564BD354CDEDAFC188C0F /* Pods_CereSdkExampleApp.framework */,
			);
			name = Frameworks;
			sourceTree = "<group>";
		};
/* End PBXGroup section */

/* Begin PBXNativeTarget section */
		4FF9E3A3250A2ABD00F785BE /* CereSdkExampleApp */ = {
			isa = PBXNativeTarget;
			buildConfigurationList = 4FF9E3B8250A2ABE00F785BE /* Build configuration list for PBXNativeTarget "CereSdkExampleApp" */;
			buildPhases = (
				D7040B88E09EAF878CCB0B1F /* [CP] Check Pods Manifest.lock */,
				4FF9E3A0250A2ABD00F785BE /* Sources */,
				4FF9E3A1250A2ABD00F785BE /* Frameworks */,
				4FF9E3A2250A2ABD00F785BE /* Resources */,
				6412C67B1392837388D5129F /* [CP] Embed Pods Frameworks */,
			);
			buildRules = (
			);
			dependencies = (
			);
			name = CereSdkExampleApp;
			productName = CereSdkExampleApp;
			productReference = 4FF9E3A4250A2ABD00F785BE /* CereSdkExampleApp.app */;
			productType = "com.apple.product-type.application";
		};
/* End PBXNativeTarget section */

/* Begin PBXProject section */
		4FF9E39C250A2ABD00F785BE /* Project object */ = {
			isa = PBXProject;
			attributes = {
				LastSwiftUpdateCheck = 1170;
				LastUpgradeCheck = 1170;
				ORGANIZATIONNAME = CerebellumNetwork;
				TargetAttributes = {
					4FF9E3A3250A2ABD00F785BE = {
						CreatedOnToolsVersion = 11.7;
					};
				};
			};
			buildConfigurationList = 4FF9E39F250A2ABD00F785BE /* Build configuration list for PBXProject "CereSdkExampleApp" */;
			compatibilityVersion = "Xcode 9.3";
			developmentRegion = en;
			hasScannedForEncodings = 0;
			knownRegions = (
				en,
				Base,
			);
			mainGroup = 4FF9E39B250A2ABD00F785BE;
			productRefGroup = 4FF9E3A5250A2ABD00F785BE /* Products */;
			projectDirPath = "";
			projectRoot = "";
			targets = (
				4FF9E3A3250A2ABD00F785BE /* CereSdkExampleApp */,
			);
		};
/* End PBXProject section */

/* Begin PBXResourcesBuildPhase section */
		4FF9E3A2250A2ABD00F785BE /* Resources */ = {
			isa = PBXResourcesBuildPhase;
			buildActionMask = 2147483647;
			files = (
				4F9F7837250B872000DFBF64 /* Main.storyboard in Resources */,
				4FF9E3BE250A2BA700F785BE /* Podfile in Resources */,
				4FF9E3BC250A2AD800F785BE /* .gitignore in Resources */,
				4FF9E3B4250A2ABE00F785BE /* LaunchScreen.storyboard in Resources */,
				4FF9E3AE250A2ABE00F785BE /* Assets.xcassets in Resources */,
				4F9F7802250A300300DFBF64 /* Podfile.lock in Resources */,
			);
			runOnlyForDeploymentPostprocessing = 0;
		};
/* End PBXResourcesBuildPhase section */

/* Begin PBXShellScriptBuildPhase section */
		6412C67B1392837388D5129F /* [CP] Embed Pods Frameworks */ = {
			isa = PBXShellScriptBuildPhase;
			buildActionMask = 2147483647;
			files = (
			);
			inputFileListPaths = (
				"${PODS_ROOT}/Target Support Files/Pods-CereSdkExampleApp/Pods-CereSdkExampleApp-frameworks-${CONFIGURATION}-input-files.xcfilelist",
			);
			name = "[CP] Embed Pods Frameworks";
			outputFileListPaths = (
				"${PODS_ROOT}/Target Support Files/Pods-CereSdkExampleApp/Pods-CereSdkExampleApp-frameworks-${CONFIGURATION}-output-files.xcfilelist",
			);
			runOnlyForDeploymentPostprocessing = 0;
			shellPath = /bin/sh;
			shellScript = "\"${PODS_ROOT}/Target Support Files/Pods-CereSdkExampleApp/Pods-CereSdkExampleApp-frameworks.sh\"\n";
			showEnvVarsInLog = 0;
		};
		D7040B88E09EAF878CCB0B1F /* [CP] Check Pods Manifest.lock */ = {
			isa = PBXShellScriptBuildPhase;
			buildActionMask = 2147483647;
			files = (
			);
			inputFileListPaths = (
			);
			inputPaths = (
				"${PODS_PODFILE_DIR_PATH}/Podfile.lock",
				"${PODS_ROOT}/Manifest.lock",
			);
			name = "[CP] Check Pods Manifest.lock";
			outputFileListPaths = (
			);
			outputPaths = (
				"$(DERIVED_FILE_DIR)/Pods-CereSdkExampleApp-checkManifestLockResult.txt",
			);
			runOnlyForDeploymentPostprocessing = 0;
			shellPath = /bin/sh;
			shellScript = "diff \"${PODS_PODFILE_DIR_PATH}/Podfile.lock\" \"${PODS_ROOT}/Manifest.lock\" > /dev/null\nif [ $? != 0 ] ; then\n    # print error to STDERR\n    echo \"error: The sandbox is not in sync with the Podfile.lock. Run 'pod install' or update your CocoaPods installation.\" >&2\n    exit 1\nfi\n# This output is used by Xcode 'outputs' to avoid re-running this script phase.\necho \"SUCCESS\" > \"${SCRIPT_OUTPUT_FILE_0}\"\n";
			showEnvVarsInLog = 0;
		};
/* End PBXShellScriptBuildPhase section */

/* Begin PBXSourcesBuildPhase section */
		4FF9E3A0250A2ABD00F785BE /* Sources */ = {
			isa = PBXSourcesBuildPhase;
			buildActionMask = 2147483647;
			files = (
				4F9F7834250B840700DFBF64 /* ViewController.swift in Sources */,
				4FF9E3A8250A2ABD00F785BE /* AppDelegate.swift in Sources */,
				4FF9E3AA250A2ABD00F785BE /* SceneDelegate.swift in Sources */,
			);
			runOnlyForDeploymentPostprocessing = 0;
		};
/* End PBXSourcesBuildPhase section */

/* Begin PBXVariantGroup section */
		4F9F7839250B872000DFBF64 /* Main.storyboard */ = {
			isa = PBXVariantGroup;
			children = (
				4F9F7838250B872000DFBF64 /* Base */,
			);
			name = Main.storyboard;
			sourceTree = "<group>";
		};
		4FF9E3B2250A2ABE00F785BE /* LaunchScreen.storyboard */ = {
			isa = PBXVariantGroup;
			children = (
				4FF9E3B3250A2ABE00F785BE /* Base */,
			);
			name = LaunchScreen.storyboard;
			sourceTree = "<group>";
		};
/* End PBXVariantGroup section */

/* Begin XCBuildConfiguration section */
		4FF9E3B6250A2ABE00F785BE /* Debug */ = {
			isa = XCBuildConfiguration;
			buildSettings = {
				ALWAYS_SEARCH_USER_PATHS = NO;
				CLANG_ANALYZER_NONNULL = YES;
				CLANG_ANALYZER_NUMBER_OBJECT_CONVERSION = YES_AGGRESSIVE;
				CLANG_CXX_LANGUAGE_STANDARD = "gnu++14";
				CLANG_CXX_LIBRARY = "libc++";
				CLANG_ENABLE_MODULES = YES;
				CLANG_ENABLE_OBJC_ARC = YES;
				CLANG_ENABLE_OBJC_WEAK = YES;
				CLANG_WARN_BLOCK_CAPTURE_AUTORELEASING = YES;
				CLANG_WARN_BOOL_CONVERSION = YES;
				CLANG_WARN_COMMA = YES;
				CLANG_WARN_CONSTANT_CONVERSION = YES;
				CLANG_WARN_DEPRECATED_OBJC_IMPLEMENTATIONS = YES;
				CLANG_WARN_DIRECT_OBJC_ISA_USAGE = YES_ERROR;
				CLANG_WARN_DOCUMENTATION_COMMENTS = YES;
				CLANG_WARN_EMPTY_BODY = YES;
				CLANG_WARN_ENUM_CONVERSION = YES;
				CLANG_WARN_INFINITE_RECURSION = YES;
				CLANG_WARN_INT_CONVERSION = YES;
				CLANG_WARN_NON_LITERAL_NULL_CONVERSION = YES;
				CLANG_WARN_OBJC_IMPLICIT_RETAIN_SELF = YES;
				CLANG_WARN_OBJC_LITERAL_CONVERSION = YES;
				CLANG_WARN_OBJC_ROOT_CLASS = YES_ERROR;
				CLANG_WARN_RANGE_LOOP_ANALYSIS = YES;
				CLANG_WARN_STRICT_PROTOTYPES = YES;
				CLANG_WARN_SUSPICIOUS_MOVE = YES;
				CLANG_WARN_UNGUARDED_AVAILABILITY = YES_AGGRESSIVE;
				CLANG_WARN_UNREACHABLE_CODE = YES;
				CLANG_WARN__DUPLICATE_METHOD_MATCH = YES;
				COPY_PHASE_STRIP = NO;
				DEBUG_INFORMATION_FORMAT = dwarf;
				ENABLE_STRICT_OBJC_MSGSEND = YES;
				ENABLE_TESTABILITY = YES;
				GCC_C_LANGUAGE_STANDARD = gnu11;
				GCC_DYNAMIC_NO_PIC = NO;
				GCC_NO_COMMON_BLOCKS = YES;
				GCC_OPTIMIZATION_LEVEL = 0;
				GCC_PREPROCESSOR_DEFINITIONS = (
					"DEBUG=1",
					"$(inherited)",
				);
				GCC_WARN_64_TO_32_BIT_CONVERSION = YES;
				GCC_WARN_ABOUT_RETURN_TYPE = YES_ERROR;
				GCC_WARN_UNDECLARED_SELECTOR = YES;
				GCC_WARN_UNINITIALIZED_AUTOS = YES_AGGRESSIVE;
				GCC_WARN_UNUSED_FUNCTION = YES;
				GCC_WARN_UNUSED_VARIABLE = YES;
				IPHONEOS_DEPLOYMENT_TARGET = 13.7;
				MTL_ENABLE_DEBUG_INFO = INCLUDE_SOURCE;
				MTL_FAST_MATH = YES;
				ONLY_ACTIVE_ARCH = YES;
				SDKROOT = iphoneos;
				SWIFT_ACTIVE_COMPILATION_CONDITIONS = DEBUG;
				SWIFT_OPTIMIZATION_LEVEL = "-Onone";
			};
			name = Debug;
		};
		4FF9E3B7250A2ABE00F785BE /* Release */ = {
			isa = XCBuildConfiguration;
			buildSettings = {
				ALWAYS_SEARCH_USER_PATHS = NO;
				CLANG_ANALYZER_NONNULL = YES;
				CLANG_ANALYZER_NUMBER_OBJECT_CONVERSION = YES_AGGRESSIVE;
				CLANG_CXX_LANGUAGE_STANDARD = "gnu++14";
				CLANG_CXX_LIBRARY = "libc++";
				CLANG_ENABLE_MODULES = YES;
				CLANG_ENABLE_OBJC_ARC = YES;
				CLANG_ENABLE_OBJC_WEAK = YES;
				CLANG_WARN_BLOCK_CAPTURE_AUTORELEASING = YES;
				CLANG_WARN_BOOL_CONVERSION = YES;
				CLANG_WARN_COMMA = YES;
				CLANG_WARN_CONSTANT_CONVERSION = YES;
				CLANG_WARN_DEPRECATED_OBJC_IMPLEMENTATIONS = YES;
				CLANG_WARN_DIRECT_OBJC_ISA_USAGE = YES_ERROR;
				CLANG_WARN_DOCUMENTATION_COMMENTS = YES;
				CLANG_WARN_EMPTY_BODY = YES;
				CLANG_WARN_ENUM_CONVERSION = YES;
				CLANG_WARN_INFINITE_RECURSION = YES;
				CLANG_WARN_INT_CONVERSION = YES;
				CLANG_WARN_NON_LITERAL_NULL_CONVERSION = YES;
				CLANG_WARN_OBJC_IMPLICIT_RETAIN_SELF = YES;
				CLANG_WARN_OBJC_LITERAL_CONVERSION = YES;
				CLANG_WARN_OBJC_ROOT_CLASS = YES_ERROR;
				CLANG_WARN_RANGE_LOOP_ANALYSIS = YES;
				CLANG_WARN_STRICT_PROTOTYPES = YES;
				CLANG_WARN_SUSPICIOUS_MOVE = YES;
				CLANG_WARN_UNGUARDED_AVAILABILITY = YES_AGGRESSIVE;
				CLANG_WARN_UNREACHABLE_CODE = YES;
				CLANG_WARN__DUPLICATE_METHOD_MATCH = YES;
				COPY_PHASE_STRIP = NO;
				DEBUG_INFORMATION_FORMAT = "dwarf-with-dsym";
				ENABLE_NS_ASSERTIONS = NO;
				ENABLE_STRICT_OBJC_MSGSEND = YES;
				GCC_C_LANGUAGE_STANDARD = gnu11;
				GCC_NO_COMMON_BLOCKS = YES;
				GCC_WARN_64_TO_32_BIT_CONVERSION = YES;
				GCC_WARN_ABOUT_RETURN_TYPE = YES_ERROR;
				GCC_WARN_UNDECLARED_SELECTOR = YES;
				GCC_WARN_UNINITIALIZED_AUTOS = YES_AGGRESSIVE;
				GCC_WARN_UNUSED_FUNCTION = YES;
				GCC_WARN_UNUSED_VARIABLE = YES;
				IPHONEOS_DEPLOYMENT_TARGET = 13.7;
				MTL_ENABLE_DEBUG_INFO = NO;
				MTL_FAST_MATH = YES;
				SDKROOT = iphoneos;
				SWIFT_COMPILATION_MODE = wholemodule;
				SWIFT_OPTIMIZATION_LEVEL = "-Onone";
				VALIDATE_PRODUCT = YES;
			};
			name = Release;
		};
		4FF9E3B9250A2ABE00F785BE /* Debug */ = {
			isa = XCBuildConfiguration;
			baseConfigurationReference = E481C8098AD7725579E02BDD /* Pods-CereSdkExampleApp.debug.xcconfig */;
			buildSettings = {
				ASSETCATALOG_COMPILER_APPICON_NAME = AppIcon;
				CODE_SIGN_STYLE = Automatic;
				DEVELOPMENT_ASSET_PATHS = "\"CereSdkExampleApp/Preview Content\"";
				ENABLE_PREVIEWS = YES;
				INFOPLIST_FILE = CereSdkExampleApp/Info.plist;
				LD_RUNPATH_SEARCH_PATHS = (
					"$(inherited)",
					"@executable_path/Frameworks",
				);
				PRODUCT_BUNDLE_IDENTIFIER = io.cere.CereSdkExampleApp;
				PRODUCT_NAME = "$(TARGET_NAME)";
				SWIFT_VERSION = 5.0;
				TARGETED_DEVICE_FAMILY = "1,2";
			};
			name = Debug;
		};
		4FF9E3BA250A2ABE00F785BE /* Release */ = {
			isa = XCBuildConfiguration;
			baseConfigurationReference = 80A9F4B2442EB23D3361A4AA /* Pods-CereSdkExampleApp.release.xcconfig */;
			buildSettings = {
				ASSETCATALOG_COMPILER_APPICON_NAME = AppIcon;
				CODE_SIGN_STYLE = Automatic;
				DEVELOPMENT_ASSET_PATHS = "\"CereSdkExampleApp/Preview Content\"";
				ENABLE_PREVIEWS = YES;
				INFOPLIST_FILE = CereSdkExampleApp/Info.plist;
				LD_RUNPATH_SEARCH_PATHS = (
					"$(inherited)",
					"@executable_path/Frameworks",
				);
				PRODUCT_BUNDLE_IDENTIFIER = io.cere.CereSdkExampleApp;
				PRODUCT_NAME = "$(TARGET_NAME)";
				SWIFT_VERSION = 5.0;
				TARGETED_DEVICE_FAMILY = "1,2";
			};
			name = Release;
		};
/* End XCBuildConfiguration section */

/* Begin XCConfigurationList section */
		4FF9E39F250A2ABD00F785BE /* Build configuration list for PBXProject "CereSdkExampleApp" */ = {
			isa = XCConfigurationList;
			buildConfigurations = (
				4FF9E3B6250A2ABE00F785BE /* Debug */,
				4FF9E3B7250A2ABE00F785BE /* Release */,
			);
			defaultConfigurationIsVisible = 0;
			defaultConfigurationName = Release;
		};
		4FF9E3B8250A2ABE00F785BE /* Build configuration list for PBXNativeTarget "CereSdkExampleApp" */ = {
			isa = XCConfigurationList;
			buildConfigurations = (
				4FF9E3B9250A2ABE00F785BE /* Debug */,
				4FF9E3BA250A2ABE00F785BE /* Release */,
			);
			defaultConfigurationIsVisible = 0;
			defaultConfigurationName = Release;
		};
/* End XCConfigurationList section */
	};
	rootObject = 4FF9E39C250A2ABD00F785BE /* Project object */;
}
